PODS:
  - Mofiler (1.1.6)

DEPENDENCIES:
  - Mofiler (from `/Users/bryantafel/Documents/sdk-ios/`)

EXTERNAL SOURCES:
  Mofiler:
    :path: "/Users/bryantafel/Documents/sdk-ios/"

SPEC CHECKSUMS:
  Mofiler: bef2a88ab3654a53e0d966ed43872985019f99da

PODFILE CHECKSUM: 06c4e0de78c117ce87f2bc94a5880e9453d9b99f

COCOAPODS: 1.5.3
